<Solution>
  <Configurations>
    <Platform Name="x64" />
  </Configurations>
  <Project Path="F:/VS2026Project/Flame/Example/SandBox/SandBox.vcxproj" Id="1ca8d2ea-7ae3-4a9c-a289-183d3be0172a" />
  <Project Path="F:/VS2026Project/Flame/Flame/Flame.vcxproj" Id="baf52daf-d1c9-4397-a450-731dcb833396" />
</Solution>
